
Microsoft Visual Studio Solution File, Format Version 12.00
# Visual Studio Version 17
VisualStudioVersion = 17.13.35913.81 d17.13
MinimumVisualStudioVersion = 10.0.40219.1
Project("{FAE04EC0-301F-11D3-BF4B-00C04F79EFBC}") = "SurveyBasket.Web", "SurveyBasket.Web\SurveyBasket.Web.csproj", "{338FEB4A-5356-47C2-B6B3-8571B76DFC2D}"
EndProject
Global
	GlobalSection(SolutionConfigurationPlatforms) = preSolution
		Debug|Any CPU = Debug|Any CPU
		Release|Any CPU = Release|Any CPU
	EndGlobalSection
	GlobalSection(ProjectConfigurationPlatforms) = postSolution
		{338FEB4A-5356-47C2-B6B3-8571B76DFC2D}.Debug|Any CPU.ActiveCfg = Debug|Any CPU
		{338FEB4A-5356-47C2-B6B3-8571B76DFC2D}.Debug|Any CPU.Build.0 = Debug|Any CPU
		{338FEB4A-5356-47C2-B6B3-8571B76DFC2D}.Release|Any CPU.ActiveCfg = Release|Any CPU
		{338FEB4A-5356-47C2-B6B3-8571B76DFC2D}.Release|Any CPU.Build.0 = Release|Any CPU
	EndGlobalSection
	GlobalSection(SolutionProperties) = preSolution
		HideSolutionNode = FALSE
	EndGlobalSection
	GlobalSection(ExtensibilityGlobals) = postSolution
		SolutionGuid = {7D7FCC2A-3B4E-4F2F-AB8B-8D3A6BA3CB32}
	EndGlobalSection
EndGlobal
